# THIS IS AN AUTOGENERATED FILE. DO NOT EDIT THIS FILE DIRECTLY.
# yarn lockfile v1


react-hook-form@^7.40.0:
  version "7.40.0"
  resolved "https://registry.yarnpkg.com/react-hook-form/-/react-hook-form-7.40.0.tgz#62bc939dddca88522cd7f5135b6603192ccf7e17"
  integrity sha512-0rokdxMPJs0k9bvFtY6dbcSydyNhnZNXCR49jgDr/aR03FDHFOK6gfh8ccqB3fl696Mk7lqh04xdm+agqWXKSw==

typescript@4.6.3:
  version "4.6.3"
  resolved "https://registry.yarnpkg.com/typescript/-/typescript-4.6.3.tgz#eefeafa6afdd31d725584c67a0eaba80f6fc6c6c"
  integrity sha512-yNIatDa5iaofVozS/uQJEl3JRWLKKGJKh6Yaiv0GLGSuhpFJe7P3SbHZ8/yjAHRQwKRoA6YZqlfjXWmVzoVSMw==
